{
  "name": "museum-tour",
  "version": "2.2.0",
  "lockfileVersion": 1,
  "requires": true,
  "dependencies": {
    "babel-runtime": {
      "version": "https://registry.npmjs.org/babel-runtime/-/babel-runtime-6.20.0.tgz",
      "integrity": "sha1-hzAL3PTNdw8JvwBIxkIE4XgG0W8=",
      "requires": {
        "core-js": "https://registry.npmjs.org/core-js/-/core-js-2.4.1.tgz",
        "regenerator-runtime": "https://registry.npmjs.org/regenerator-runtime/-/regenerator-runtime-0.10.1.tgz"
      }
    },
    "bcrypt": {
      "version": "0.8.7",
      "resolved": "https://registry.npmjs.org/bcrypt/-/bcrypt-0.8.7.tgz",
      "integrity": "sha1-vDh1qa/Qp7LNIxpqfyGKXOFWsJM=",
      "requires": {
        "bindings": "1.2.1",
        "nan": "2.3.5"
      }
    },
    "bindings": {
      "version": "1.2.1",
      "resolved": "https://registry.npmjs.org/bindings/-/bindings-1.2.1.tgz",
      "integrity": "sha1-FK1hE4EtLTfXLme0ystLtyZQXxE="
    },
    "core-js": {
      "version": "https://registry.npmjs.org/core-js/-/core-js-2.4.1.tgz",
      "integrity": "sha1-TekR5mew6ukSTjQlS1OupvxhjT4="
    },
    "jquery": {
      "version": "https://registry.npmjs.org/jquery/-/jquery-3.0.0.tgz",
      "integrity": "sha1-laKpVBKRqfgZ4Bb4W6JHEW0D5Ks="
    },
    "moment": {
      "version": "https://registry.npmjs.org/moment/-/moment-2.13.0.tgz",
      "integrity": "sha1-JBYtmVIebUD5muaTnoBtITnqrFI="
    },
    "nan": {
      "version": "2.3.5",
      "resolved": "https://registry.npmjs.org/nan/-/nan-2.3.5.tgz",
      "integrity": "sha1-gioNwmYpDOTNOhIoLKPn42Rmigg="
    },
    "parsleyjs": {
      "version": "https://registry.npmjs.org/parsleyjs/-/parsleyjs-2.3.15.tgz",
      "integrity": "sha1-wjgaFsFGsgmFbsj8GOVbMzPSY4o=",
      "requires": {
        "jquery": "https://registry.npmjs.org/jquery/-/jquery-3.0.0.tgz"
      }
    },
    "regenerator-runtime": {
      "version": "https://registry.npmjs.org/regenerator-runtime/-/regenerator-runtime-0.10.1.tgz",
      "integrity": "sha1-JX9BlhzkRVixj3gUr0jBdVn5+us="
    },
    "rupture": {
      "version": "0.6.1",
      "resolved": "https://registry.npmjs.org/rupture/-/rupture-0.6.1.tgz",
      "integrity": "sha1-hhQCjSViKlkK0PBk/c8+f0ie9qs="
    },
    "sortablejs": {
      "version": "https://registry.npmjs.org/sortablejs/-/sortablejs-1.4.2.tgz",
      "integrity": "sha1-EN9mBU4dHctTjX6u2ur2kiMsjQ0="
    },
    "typographic": {
      "version": "2.9.3",
      "resolved": "https://registry.npmjs.org/typographic/-/typographic-2.9.3.tgz",
      "integrity": "sha1-1P2mqC8H5/8X3pvWStySTAo3Nyk="
    }
  }
}
